
Microsoft Visual Studio Solution File, Format Version 11.00
# Visual Studio 2010
Project("{8BC9CEB8-8B4A-11D0-8D11-00A0C91BC942}") = "3_set", "3_set\3_set.vcxproj", "{8FE5E7A5-6916-4A5C-8923-B711E19F904E}"
EndProject
Global
	GlobalSection(SolutionConfigurationPlatforms) = preSolution
		Debug|Win32 = Debug|Win32
		Release|Win32 = Release|Win32
	EndGlobalSection
	GlobalSection(ProjectConfigurationPlatforms) = postSolution
		{8FE5E7A5-6916-4A5C-8923-B711E19F904E}.Debug|Win32.ActiveCfg = Debug|Win32
		{8FE5E7A5-6916-4A5C-8923-B711E19F904E}.Debug|Win32.Build.0 = Debug|Win32
		{8FE5E7A5-6916-4A5C-8923-B711E19F904E}.Release|Win32.ActiveCfg = Release|Win32
		{8FE5E7A5-6916-4A5C-8923-B711E19F904E}.Release|Win32.Build.0 = Release|Win32
	EndGlobalSection
	GlobalSection(SolutionProperties) = preSolution
		HideSolutionNode = FALSE
	EndGlobalSection
EndGlobal
